
Microsoft Visual Studio Solution File, Format Version 12.00
# Visual Studio Version 16
VisualStudioVersion = 16.0.32630.194
MinimumVisualStudioVersion = 10.0.40219.1
Project("{FAE04EC0-301F-11D3-BF4B-00C04F79EFBC}") = "MyBasicPaintProject", "MyBasicPaintProject\MyBasicPaintProject.csproj", "{050D64A7-AC29-4546-B0A6-F5FDB9ECBBB8}"
EndProject
Global
	GlobalSection(SolutionConfigurationPlatforms) = preSolution
		Debug|Any CPU = Debug|Any CPU
		Release|Any CPU = Release|Any CPU
	EndGlobalSection
	GlobalSection(ProjectConfigurationPlatforms) = postSolution
		{050D64A7-AC29-4546-B0A6-F5FDB9ECBBB8}.Debug|Any CPU.ActiveCfg = Debug|Any CPU
		{050D64A7-AC29-4546-B0A6-F5FDB9ECBBB8}.Debug|Any CPU.Build.0 = Debug|Any CPU
		{050D64A7-AC29-4546-B0A6-F5FDB9ECBBB8}.Release|Any CPU.ActiveCfg = Release|Any CPU
		{050D64A7-AC29-4546-B0A6-F5FDB9ECBBB8}.Release|Any CPU.Build.0 = Release|Any CPU
	EndGlobalSection
	GlobalSection(SolutionProperties) = preSolution
		HideSolutionNode = FALSE
	EndGlobalSection
	GlobalSection(ExtensibilityGlobals) = postSolution
		SolutionGuid = {6D001ECE-8664-4CDD-8E51-BBA49AB9B9FC}
	EndGlobalSection
EndGlobal
